// !$*UTF8*$!
{
	archiveVersion = 1;
	classes = {
	};
	objectVersion = 46;
	objects = {

/* Begin PBXBuildFile section */
		18AAAB8A18E34EB0002F95ED /* ShowServiceViewController.m in Sources */ = {isa = PBXBuildFile; fileRef = 18AAAB8918E34EB0002F95ED /* ShowServiceViewController.m */; };
		3CCB8F6B18E28084002C1AC5 /* Foundation.framework in Frameworks */ = {isa = PBXBuildFile; fileRef = 3CCB8F6A18E28084002C1AC5 /* Foundation.framework */; };
		3CCB8F6D18E28084002C1AC5 /* CoreGraphics.framework in Frameworks */ = {isa = PBXBuildFile; fileRef = 3CCB8F6C18E28084002C1AC5 /* CoreGraphics.framework */; };
		3CCB8F6F18E28084002C1AC5 /* UIKit.framework in Frameworks */ = {isa = PBXBuildFile; fileRef = 3CCB8F6E18E28084002C1AC5 /* UIKit.framework */; };
		3CCB8F7518E28084002C1AC5 /* InfoPlist.strings in Resources */ = {isa = PBXBuildFile; fileRef = 3CCB8F7318E28084002C1AC5 /* InfoPlist.strings */; };
		3CCB8F7718E28084002C1AC5 /* main.m in Sources */ = {isa = PBXBuildFile; fileRef = 3CCB8F7618E28084002C1AC5 /* main.m */; };
		3CCB8F7B18E28084002C1AC5 /* AppDelegate.m in Sources */ = {isa = PBXBuildFile; fileRef = 3CCB8F7A18E28084002C1AC5 /* AppDelegate.m */; };
		3CCB8F7E18E28084002C1AC5 /* Main.storyboard in Resources */ = {isa = PBXBuildFile; fileRef = 3CCB8F7C18E28084002C1AC5 /* Main.storyboard */; };
		3CCB8F8318E28084002C1AC5 /* Images.xcassets in Resources */ = {isa = PBXBuildFile; fileRef = 3CCB8F8218E28084002C1AC5 /* Images.xcassets */; };
		3CCB8F8A18E28084002C1AC5 /* XCTest.framework in Frameworks */ = {isa = PBXBuildFile; fileRef = 3CCB8F8918E28084002C1AC5 /* XCTest.framework */; };
		3CCB8F8B18E28084002C1AC5 /* Foundation.framework in Frameworks */ = {isa = PBXBuildFile; fileRef = 3CCB8F6A18E28084002C1AC5 /* Foundation.framework */; };
		3CCB8F8C18E28084002C1AC5 /* UIKit.framework in Frameworks */ = {isa = PBXBuildFile; fileRef = 3CCB8F6E18E28084002C1AC5 /* UIKit.framework */; };
		3CCB8F9418E28084002C1AC5 /* InfoPlist.strings in Resources */ = {isa = PBXBuildFile; fileRef = 3CCB8F9218E28084002C1AC5 /* InfoPlist.strings */; };
		3CCB8F9618E28084002C1AC5 /* DarkBlueTests.m in Sources */ = {isa = PBXBuildFile; fileRef = 3CCB8F9518E28084002C1AC5 /* DarkBlueTests.m */; };
		3CCB8FE518E2849B002C1AC5 /* CentralScanViewController.m in Sources */ = {isa = PBXBuildFile; fileRef = 3CCB8FE418E2849B002C1AC5 /* CentralScanViewController.m */; };
		3CCB8FE818E28A25002C1AC5 /* myTableViewCell.m in Sources */ = {isa = PBXBuildFile; fileRef = 3CCB8FE718E28A25002C1AC5 /* myTableViewCell.m */; };
		3CCB8FEB18E29C50002C1AC5 /* BTServer.m in Sources */ = {isa = PBXBuildFile; fileRef = 3CCB8FEA18E29C50002C1AC5 /* BTServer.m */; };
		3CCB8FEF18E2B2F5002C1AC5 /* AKSDeviceConsole.m in Sources */ = {isa = PBXBuildFile; fileRef = 3CCB8FEE18E2B2F5002C1AC5 /* AKSDeviceConsole.m */; };
		3CCB8FF218E2B575002C1AC5 /* LogViewController.m in Sources */ = {isa = PBXBuildFile; fileRef = 3CCB8FF118E2B575002C1AC5 /* LogViewController.m */; };
		3CCB8FF518E2BB46002C1AC5 /* PeriperalInfo.m in Sources */ = {isa = PBXBuildFile; fileRef = 3CCB8FF418E2BB46002C1AC5 /* PeriperalInfo.m */; };
		3CCB8FF818E2F3C3002C1AC5 /* ShowPeripheralViewController.m in Sources */ = {isa = PBXBuildFile; fileRef = 3CCB8FF718E2F3C3002C1AC5 /* ShowPeripheralViewController.m */; };
		3CCB8FFD18E2FB69002C1AC5 /* ProgressHUD.bundle in Resources */ = {isa = PBXBuildFile; fileRef = 3CCB8FFA18E2FB69002C1AC5 /* ProgressHUD.bundle */; };
		3CCB8FFE18E2FB69002C1AC5 /* ProgressHUD.m in Sources */ = {isa = PBXBuildFile; fileRef = 3CCB8FFC18E2FB69002C1AC5 /* ProgressHUD.m */; };
		3CCB904518E3EF05002C1AC5 /* ReadValueViewController.m in Sources */ = {isa = PBXBuildFile; fileRef = 3CCB904418E3EF05002C1AC5 /* ReadValueViewController.m */; };
		3CCB904818E3FD88002C1AC5 /* NSData+HexDump.m in Sources */ = {isa = PBXBuildFile; fileRef = 3CCB904718E3FD88002C1AC5 /* NSData+HexDump.m */; };
/* End PBXBuildFile section */

/* Begin PBXContainerItemProxy section */
		3CCB8F8D18E28084002C1AC5 /* PBXContainerItemProxy */ = {
			isa = PBXContainerItemProxy;
			containerPortal = 3CCB8F5F18E28084002C1AC5 /* Project object */;
			proxyType = 1;
			remoteGlobalIDString = 3CCB8F6618E28084002C1AC5;
			remoteInfo = DarkBlue;
		};
/* End PBXContainerItemProxy section */

/* Begin PBXFileReference section */
		18AAAB8818E34EB0002F95ED /* ShowServiceViewController.h */ = {isa = PBXFileReference; fileEncoding = 4; lastKnownFileType = sourcecode.c.h; path = ShowServiceViewController.h; sourceTree = "<group>"; };
		18AAAB8918E34EB0002F95ED /* ShowServiceViewController.m */ = {isa = PBXFileReference; fileEncoding = 4; lastKnownFileType = sourcecode.c.objc; path = ShowServiceViewController.m; sourceTree = "<group>"; };
		3CCB8F6718E28084002C1AC5 /* DarkBlue.app */ = {isa = PBXFileReference; explicitFileType = wrapper.application; includeInIndex = 0; path = DarkBlue.app; sourceTree = BUILT_PRODUCTS_DIR; };
		3CCB8F6A18E28084002C1AC5 /* Foundation.framework */ = {isa = PBXFileReference; lastKnownFileType = wrapper.framework; name = Foundation.framework; path = System/Library/Frameworks/Foundation.framework; sourceTree = SDKROOT; };
		3CCB8F6C18E28084002C1AC5 /* CoreGraphics.framework */ = {isa = PBXFileReference; lastKnownFileType = wrapper.framework; name = CoreGraphics.framework; path = System/Library/Frameworks/CoreGraphics.framework; sourceTree = SDKROOT; };
		3CCB8F6E18E28084002C1AC5 /* UIKit.framework */ = {isa = PBXFileReference; lastKnownFileType = wrapper.framework; name = UIKit.framework; path = System/Library/Frameworks/UIKit.framework; sourceTree = SDKROOT; };
		3CCB8F7218E28084002C1AC5 /* DarkBlue-Info.plist */ = {isa = PBXFileReference; lastKnownFileType = text.plist.xml; path = "DarkBlue-Info.plist"; sourceTree = "<group>"; };
		3CCB8F7418E28084002C1AC5 /* en */ = {isa = PBXFileReference; lastKnownFileType = text.plist.strings; name = en; path = en.lproj/InfoPlist.strings; sourceTree = "<group>"; };
		3CCB8F7618E28084002C1AC5 /* main.m */ = {isa = PBXFileReference; lastKnownFileType = sourcecode.c.objc; path = main.m; sourceTree = "<group>"; };
		3CCB8F7818E28084002C1AC5 /* DarkBlue-Prefix.pch */ = {isa = PBXFileReference; lastKnownFileType = sourcecode.c.h; path = "DarkBlue-Prefix.pch"; sourceTree = "<group>"; };
		3CCB8F7918E28084002C1AC5 /* AppDelegate.h */ = {isa = PBXFileReference; lastKnownFileType = sourcecode.c.h; path = AppDelegate.h; sourceTree = "<group>"; };
		3CCB8F7A18E28084002C1AC5 /* AppDelegate.m */ = {isa = PBXFileReference; lastKnownFileType = sourcecode.c.objc; path = AppDelegate.m; sourceTree = "<group>"; };
		3CCB8F7D18E28084002C1AC5 /* Base */ = {isa = PBXFileReference; lastKnownFileType = file.storyboard; name = Base; path = Base.lproj/Main.storyboard; sourceTree = "<group>"; };
		3CCB8F8218E28084002C1AC5 /* Images.xcassets */ = {isa = PBXFileReference; lastKnownFileType = folder.assetcatalog; path = Images.xcassets; sourceTree = "<group>"; };
		3CCB8F8818E28084002C1AC5 /* DarkBlueTests.xctest */ = {isa = PBXFileReference; explicitFileType = wrapper.cfbundle; includeInIndex = 0; path = DarkBlueTests.xctest; sourceTree = BUILT_PRODUCTS_DIR; };
		3CCB8F8918E28084002C1AC5 /* XCTest.framework */ = {isa = PBXFileReference; lastKnownFileType = wrapper.framework; name = XCTest.framework; path = Library/Frameworks/XCTest.framework; sourceTree = DEVELOPER_DIR; };
		3CCB8F9118E28084002C1AC5 /* DarkBlueTests-Info.plist */ = {isa = PBXFileReference; lastKnownFileType = text.plist.xml; path = "DarkBlueTests-Info.plist"; sourceTree = "<group>"; };
		3CCB8F9318E28084002C1AC5 /* en */ = {isa = PBXFileReference; lastKnownFileType = text.plist.strings; name = en; path = en.lproj/InfoPlist.strings; sourceTree = "<group>"; };
		3CCB8F9518E28084002C1AC5 /* DarkBlueTests.m */ = {isa = PBXFileReference; lastKnownFileType = sourcecode.c.objc; path = DarkBlueTests.m; sourceTree = "<group>"; };
		3CCB8FE318E2849B002C1AC5 /* CentralScanViewController.h */ = {isa = PBXFileReference; fileEncoding = 4; lastKnownFileType = sourcecode.c.h; path = CentralScanViewController.h; sourceTree = "<group>"; };
		3CCB8FE418E2849B002C1AC5 /* CentralScanViewController.m */ = {isa = PBXFileReference; fileEncoding = 4; lastKnownFileType = sourcecode.c.objc; path = CentralScanViewController.m; sourceTree = "<group>"; };
		3CCB8FE618E28A25002C1AC5 /* myTableViewCell.h */ = {isa = PBXFileReference; fileEncoding = 4; lastKnownFileType = sourcecode.c.h; path = myTableViewCell.h; sourceTree = "<group>"; };
		3CCB8FE718E28A25002C1AC5 /* myTableViewCell.m */ = {isa = PBXFileReference; fileEncoding = 4; lastKnownFileType = sourcecode.c.objc; path = myTableViewCell.m; sourceTree = "<group>"; };
		3CCB8FE918E29C50002C1AC5 /* BTServer.h */ = {isa = PBXFileReference; fileEncoding = 4; lastKnownFileType = sourcecode.c.h; path = BTServer.h; sourceTree = "<group>"; };
		3CCB8FEA18E29C50002C1AC5 /* BTServer.m */ = {isa = PBXFileReference; fileEncoding = 4; lastKnownFileType = sourcecode.c.objc; path = BTServer.m; sourceTree = "<group>"; };
		3CCB8FED18E2B2F5002C1AC5 /* AKSDeviceConsole.h */ = {isa = PBXFileReference; fileEncoding = 4; lastKnownFileType = sourcecode.c.h; path = AKSDeviceConsole.h; sourceTree = "<group>"; };
		3CCB8FEE18E2B2F5002C1AC5 /* AKSDeviceConsole.m */ = {isa = PBXFileReference; fileEncoding = 4; lastKnownFileType = sourcecode.c.objc; path = AKSDeviceConsole.m; sourceTree = "<group>"; };
		3CCB8FF018E2B575002C1AC5 /* LogViewController.h */ = {isa = PBXFileReference; fileEncoding = 4; lastKnownFileType = sourcecode.c.h; path = LogViewController.h; sourceTree = "<group>"; };
		3CCB8FF118E2B575002C1AC5 /* LogViewController.m */ = {isa = PBXFileReference; fileEncoding = 4; lastKnownFileType = sourcecode.c.objc; path = LogViewController.m; sourceTree = "<group>"; };
		3CCB8FF318E2BB46002C1AC5 /* PeriperalInfo.h */ = {isa = PBXFileReference; fileEncoding = 4; lastKnownFileType = sourcecode.c.h; path = PeriperalInfo.h; sourceTree = "<group>"; };
		3CCB8FF418E2BB46002C1AC5 /* PeriperalInfo.m */ = {isa = PBXFileReference; fileEncoding = 4; lastKnownFileType = sourcecode.c.objc; path = PeriperalInfo.m; sourceTree = "<group>"; };
		3CCB8FF618E2F3C3002C1AC5 /* ShowPeripheralViewController.h */ = {isa = PBXFileReference; fileEncoding = 4; lastKnownFileType = sourcecode.c.h; path = ShowPeripheralViewController.h; sourceTree = "<group>"; };
		3CCB8FF718E2F3C3002C1AC5 /* ShowPeripheralViewController.m */ = {isa = PBXFileReference; fileEncoding = 4; lastKnownFileType = sourcecode.c.objc; path = ShowPeripheralViewController.m; sourceTree = "<group>"; };
		3CCB8FFA18E2FB69002C1AC5 /* ProgressHUD.bundle */ = {isa = PBXFileReference; lastKnownFileType = "wrapper.plug-in"; path = ProgressHUD.bundle; sourceTree = "<group>"; };
		3CCB8FFB18E2FB69002C1AC5 /* ProgressHUD.h */ = {isa = PBXFileReference; fileEncoding = 4; lastKnownFileType = sourcecode.c.h; path = ProgressHUD.h; sourceTree = "<group>"; };
		3CCB8FFC18E2FB69002C1AC5 /* ProgressHUD.m */ = {isa = PBXFileReference; fileEncoding = 4; lastKnownFileType = sourcecode.c.objc; path = ProgressHUD.m; sourceTree = "<group>"; };
		3CCB904318E3EF05002C1AC5 /* ReadValueViewController.h */ = {isa = PBXFileReference; fileEncoding = 4; lastKnownFileType = sourcecode.c.h; path = ReadValueViewController.h; sourceTree = "<group>"; };
		3CCB904418E3EF05002C1AC5 /* ReadValueViewController.m */ = {isa = PBXFileReference; fileEncoding = 4; lastKnownFileType = sourcecode.c.objc; path = ReadValueViewController.m; sourceTree = "<group>"; };
		3CCB904618E3FD88002C1AC5 /* NSData+HexDump.h */ = {isa = PBXFileReference; fileEncoding = 4; lastKnownFileType = sourcecode.c.h; path = "NSData+HexDump.h"; sourceTree = "<group>"; };
		3CCB904718E3FD88002C1AC5 /* NSData+HexDump.m */ = {isa = PBXFileReference; fileEncoding = 4; lastKnownFileType = sourcecode.c.objc; path = "NSData+HexDump.m"; sourceTree = "<group>"; };
/* End PBXFileReference section */

/* Begin PBXFrameworksBuildPhase section */
		3CCB8F6418E28084002C1AC5 /* Frameworks */ = {
			isa = PBXFrameworksBuildPhase;
			buildActionMask = 2147483647;
			files = (
				3CCB8F6D18E28084002C1AC5 /* CoreGraphics.framework in Frameworks */,
				3CCB8F6F18E28084002C1AC5 /* UIKit.framework in Frameworks */,
				3CCB8F6B18E28084002C1AC5 /* Foundation.framework in Frameworks */,
			);
			runOnlyForDeploymentPostprocessing = 0;
		};
		3CCB8F8518E28084002C1AC5 /* Frameworks */ = {
			isa = PBXFrameworksBuildPhase;
			buildActionMask = 2147483647;
			files = (
				3CCB8F8A18E28084002C1AC5 /* XCTest.framework in Frameworks */,
				3CCB8F8C18E28084002C1AC5 /* UIKit.framework in Frameworks */,
				3CCB8F8B18E28084002C1AC5 /* Foundation.framework in Frameworks */,
			);
			runOnlyForDeploymentPostprocessing = 0;
		};
/* End PBXFrameworksBuildPhase section */

/* Begin PBXGroup section */
		3CCB8F5E18E28084002C1AC5 = {
			isa = PBXGroup;
			children = (
				3CCB8F7018E28084002C1AC5 /* DarkBlue */,
				3CCB8F8F18E28084002C1AC5 /* DarkBlueTests */,
				3CCB8F6918E28084002C1AC5 /* Frameworks */,
				3CCB8F6818E28084002C1AC5 /* Products */,
			);
			sourceTree = "<group>";
		};
		3CCB8F6818E28084002C1AC5 /* Products */ = {
			isa = PBXGroup;
			children = (
				3CCB8F6718E28084002C1AC5 /* DarkBlue.app */,
				3CCB8F8818E28084002C1AC5 /* DarkBlueTests.xctest */,
			);
			name = Products;
			sourceTree = "<group>";
		};
		3CCB8F6918E28084002C1AC5 /* Frameworks */ = {
			isa = PBXGroup;
			children = (
				3CCB8F6A18E28084002C1AC5 /* Foundation.framework */,
				3CCB8F6C18E28084002C1AC5 /* CoreGraphics.framework */,
				3CCB8F6E18E28084002C1AC5 /* UIKit.framework */,
				3CCB8F8918E28084002C1AC5 /* XCTest.framework */,
			);
			name = Frameworks;
			sourceTree = "<group>";
		};
		3CCB8F7018E28084002C1AC5 /* DarkBlue */ = {
			isa = PBXGroup;
			children = (
				3CCB8FF918E2FB69002C1AC5 /* ProgressHUD */,
				3CCB8FEC18E2B2F5002C1AC5 /* logger */,
				3CCB8FF018E2B575002C1AC5 /* LogViewController.h */,
				3CCB8FF118E2B575002C1AC5 /* LogViewController.m */,
				3CCB8F7918E28084002C1AC5 /* AppDelegate.h */,
				3CCB8F7A18E28084002C1AC5 /* AppDelegate.m */,
				3CCB8F7C18E28084002C1AC5 /* Main.storyboard */,
				3CCB904318E3EF05002C1AC5 /* ReadValueViewController.h */,
				3CCB904418E3EF05002C1AC5 /* ReadValueViewController.m */,
				18AAAB8818E34EB0002F95ED /* ShowServiceViewController.h */,
				18AAAB8918E34EB0002F95ED /* ShowServiceViewController.m */,
				3CCB8FF618E2F3C3002C1AC5 /* ShowPeripheralViewController.h */,
				3CCB8FF718E2F3C3002C1AC5 /* ShowPeripheralViewController.m */,
				3CCB8FE318E2849B002C1AC5 /* CentralScanViewController.h */,
				3CCB8FE418E2849B002C1AC5 /* CentralScanViewController.m */,
				3CCB8FF318E2BB46002C1AC5 /* PeriperalInfo.h */,
				3CCB8FF418E2BB46002C1AC5 /* PeriperalInfo.m */,
				3CCB8FE918E29C50002C1AC5 /* BTServer.h */,
				3CCB8FEA18E29C50002C1AC5 /* BTServer.m */,
				3CCB8FE618E28A25002C1AC5 /* myTableViewCell.h */,
				3CCB8FE718E28A25002C1AC5 /* myTableViewCell.m */,
				3CCB904618E3FD88002C1AC5 /* NSData+HexDump.h */,
				3CCB904718E3FD88002C1AC5 /* NSData+HexDump.m */,
				3CCB8F8218E28084002C1AC5 /* Images.xcassets */,
				3CCB8F7118E28084002C1AC5 /* Supporting Files */,
			);
			path = DarkBlue;
			sourceTree = "<group>";
		};
		3CCB8F7118E28084002C1AC5 /* Supporting Files */ = {
			isa = PBXGroup;
			children = (
				3CCB8F7218E28084002C1AC5 /* DarkBlue-Info.plist */,
				3CCB8F7318E28084002C1AC5 /* InfoPlist.strings */,
				3CCB8F7618E28084002C1AC5 /* main.m */,
				3CCB8F7818E28084002C1AC5 /* DarkBlue-Prefix.pch */,
			);
			name = "Supporting Files";
			sourceTree = "<group>";
		};
		3CCB8F8F18E28084002C1AC5 /* DarkBlueTests */ = {
			isa = PBXGroup;
			children = (
				3CCB8F9518E28084002C1AC5 /* DarkBlueTests.m */,
				3CCB8F9018E28084002C1AC5 /* Supporting Files */,
			);
			path = DarkBlueTests;
			sourceTree = "<group>";
		};
		3CCB8F9018E28084002C1AC5 /* Supporting Files */ = {
			isa = PBXGroup;
			children = (
				3CCB8F9118E28084002C1AC5 /* DarkBlueTests-Info.plist */,
				3CCB8F9218E28084002C1AC5 /* InfoPlist.strings */,
			);
			name = "Supporting Files";
			sourceTree = "<group>";
		};
		3CCB8FEC18E2B2F5002C1AC5 /* logger */ = {
			isa = PBXGroup;
			children = (
				3CCB8FED18E2B2F5002C1AC5 /* AKSDeviceConsole.h */,
				3CCB8FEE18E2B2F5002C1AC5 /* AKSDeviceConsole.m */,
			);
			path = logger;
			sourceTree = "<group>";
		};
		3CCB8FF918E2FB69002C1AC5 /* ProgressHUD */ = {
			isa = PBXGroup;
			children = (
				3CCB8FFA18E2FB69002C1AC5 /* ProgressHUD.bundle */,
				3CCB8FFB18E2FB69002C1AC5 /* ProgressHUD.h */,
				3CCB8FFC18E2FB69002C1AC5 /* ProgressHUD.m */,
			);
			path = ProgressHUD;
			sourceTree = "<group>";
		};
/* End PBXGroup section */

/* Begin PBXNativeTarget section */
		3CCB8F6618E28084002C1AC5 /* DarkBlue */ = {
			isa = PBXNativeTarget;
			buildConfigurationList = 3CCB8F9918E28084002C1AC5 /* Build configuration list for PBXNativeTarget "DarkBlue" */;
			buildPhases = (
				3CCB8F6318E28084002C1AC5 /* Sources */,
				3CCB8F6418E28084002C1AC5 /* Frameworks */,
				3CCB8F6518E28084002C1AC5 /* Resources */,
			);
			buildRules = (
			);
			dependencies = (
			);
			name = DarkBlue;
			productName = DarkBlue;
			productReference = 3CCB8F6718E28084002C1AC5 /* DarkBlue.app */;
			productType = "com.apple.product-type.application";
		};
		3CCB8F8718E28084002C1AC5 /* DarkBlueTests */ = {
			isa = PBXNativeTarget;
			buildConfigurationList = 3CCB8F9C18E28084002C1AC5 /* Build configuration list for PBXNativeTarget "DarkBlueTests" */;
			buildPhases = (
				3CCB8F8418E28084002C1AC5 /* Sources */,
				3CCB8F8518E28084002C1AC5 /* Frameworks */,
				3CCB8F8618E28084002C1AC5 /* Resources */,
			);
			buildRules = (
			);
			dependencies = (
				3CCB8F8E18E28084002C1AC5 /* PBXTargetDependency */,
			);
			name = DarkBlueTests;
			productName = DarkBlueTests;
			productReference = 3CCB8F8818E28084002C1AC5 /* DarkBlueTests.xctest */;
			productType = "com.apple.product-type.bundle.unit-test";
		};
/* End PBXNativeTarget section */

/* Begin PBXProject section */
		3CCB8F5F18E28084002C1AC5 /* Project object */ = {
			isa = PBXProject;
			attributes = {
				LastUpgradeCheck = 0510;
				ORGANIZATIONNAME = chenee;
				TargetAttributes = {
					3CCB8F6618E28084002C1AC5 = {
						SystemCapabilities = {
							com.apple.BackgroundModes = {
								enabled = 1;
							};
						};
					};
					3CCB8F8718E28084002C1AC5 = {
						TestTargetID = 3CCB8F6618E28084002C1AC5;
					};
				};
			};
			buildConfigurationList = 3CCB8F6218E28084002C1AC5 /* Build configuration list for PBXProject "DarkBlue" */;
			compatibilityVersion = "Xcode 3.2";
			developmentRegion = English;
			hasScannedForEncodings = 0;
			knownRegions = (
				en,
				Base,
			);
			mainGroup = 3CCB8F5E18E28084002C1AC5;
			productRefGroup = 3CCB8F6818E28084002C1AC5 /* Products */;
			projectDirPath = "";
			projectRoot = "";
			targets = (
				3CCB8F6618E28084002C1AC5 /* DarkBlue */,
				3CCB8F8718E28084002C1AC5 /* DarkBlueTests */,
			);
		};
/* End PBXProject section */

/* Begin PBXResourcesBuildPhase section */
		3CCB8F6518E28084002C1AC5 /* Resources */ = {
			isa = PBXResourcesBuildPhase;
			buildActionMask = 2147483647;
			files = (
				3CCB8FFD18E2FB69002C1AC5 /* ProgressHUD.bundle in Resources */,
				3CCB8F8318E28084002C1AC5 /* Images.xcassets in Resources */,
				3CCB8F7518E28084002C1AC5 /* InfoPlist.strings in Resources */,
				3CCB8F7E18E28084002C1AC5 /* Main.storyboard in Resources */,
			);
			runOnlyForDeploymentPostprocessing = 0;
		};
		3CCB8F8618E28084002C1AC5 /* Resources */ = {
			isa = PBXResourcesBuildPhase;
			buildActionMask = 2147483647;
			files = (
				3CCB8F9418E28084002C1AC5 /* InfoPlist.strings in Resources */,
			);
			runOnlyForDeploymentPostprocessing = 0;
		};
/* End PBXResourcesBuildPhase section */

/* Begin PBXSourcesBuildPhase section */
		3CCB8F6318E28084002C1AC5 /* Sources */ = {
			isa = PBXSourcesBuildPhase;
			buildActionMask = 2147483647;
			files = (
				3CCB8FF218E2B575002C1AC5 /* LogViewController.m in Sources */,
				3CCB8F7B18E28084002C1AC5 /* AppDelegate.m in Sources */,
				3CCB904818E3FD88002C1AC5 /* NSData+HexDump.m in Sources */,
				3CCB8FFE18E2FB69002C1AC5 /* ProgressHUD.m in Sources */,
				18AAAB8A18E34EB0002F95ED /* ShowServiceViewController.m in Sources */,
				3CCB8FF518E2BB46002C1AC5 /* PeriperalInfo.m in Sources */,
				3CCB8FE818E28A25002C1AC5 /* myTableViewCell.m in Sources */,
				3CCB8FEB18E29C50002C1AC5 /* BTServer.m in Sources */,
				3CCB8FF818E2F3C3002C1AC5 /* ShowPeripheralViewController.m in Sources */,
				3CCB904518E3EF05002C1AC5 /* ReadValueViewController.m in Sources */,
				3CCB8FEF18E2B2F5002C1AC5 /* AKSDeviceConsole.m in Sources */,
				3CCB8FE518E2849B002C1AC5 /* CentralScanViewController.m in Sources */,
				3CCB8F7718E28084002C1AC5 /* main.m in Sources */,
			);
			runOnlyForDeploymentPostprocessing = 0;
		};
		3CCB8F8418E28084002C1AC5 /* Sources */ = {
			isa = PBXSourcesBuildPhase;
			buildActionMask = 2147483647;
			files = (
				3CCB8F9618E28084002C1AC5 /* DarkBlueTests.m in Sources */,
			);
			runOnlyForDeploymentPostprocessing = 0;
		};
/* End PBXSourcesBuildPhase section */

/* Begin PBXTargetDependency section */
		3CCB8F8E18E28084002C1AC5 /* PBXTargetDependency */ = {
			isa = PBXTargetDependency;
			target = 3CCB8F6618E28084002C1AC5 /* DarkBlue */;
			targetProxy = 3CCB8F8D18E28084002C1AC5 /* PBXContainerItemProxy */;
		};
/* End PBXTargetDependency section */

/* Begin PBXVariantGroup section */
		3CCB8F7318E28084002C1AC5 /* InfoPlist.strings */ = {
			isa = PBXVariantGroup;
			children = (
				3CCB8F7418E28084002C1AC5 /* en */,
			);
			name = InfoPlist.strings;
			sourceTree = "<group>";
		};
		3CCB8F7C18E28084002C1AC5 /* Main.storyboard */ = {
			isa = PBXVariantGroup;
			children = (
				3CCB8F7D18E28084002C1AC5 /* Base */,
			);
			name = Main.storyboard;
			sourceTree = "<group>";
		};
		3CCB8F9218E28084002C1AC5 /* InfoPlist.strings */ = {
			isa = PBXVariantGroup;
			children = (
				3CCB8F9318E28084002C1AC5 /* en */,
			);
			name = InfoPlist.strings;
			sourceTree = "<group>";
		};
/* End PBXVariantGroup section */

/* Begin XCBuildConfiguration section */
		3CCB8F9718E28084002C1AC5 /* Debug */ = {
			isa = XCBuildConfiguration;
			buildSettings = {
				ALWAYS_SEARCH_USER_PATHS = NO;
				CLANG_CXX_LANGUAGE_STANDARD = "gnu++0x";
				CLANG_CXX_LIBRARY = "libc++";
				CLANG_ENABLE_MODULES = YES;
				CLANG_ENABLE_OBJC_ARC = YES;
				CLANG_WARN_BOOL_CONVERSION = YES;
				CLANG_WARN_CONSTANT_CONVERSION = YES;
				CLANG_WARN_DIRECT_OBJC_ISA_USAGE = YES_ERROR;
				CLANG_WARN_EMPTY_BODY = YES;
				CLANG_WARN_ENUM_CONVERSION = YES;
				CLANG_WARN_INT_CONVERSION = YES;
				CLANG_WARN_OBJC_ROOT_CLASS = YES_ERROR;
				CLANG_WARN__DUPLICATE_METHOD_MATCH = YES;
				"CODE_SIGN_IDENTITY[sdk=iphoneos*]" = "iPhone Developer";
				COPY_PHASE_STRIP = NO;
				GCC_C_LANGUAGE_STANDARD = gnu99;
				GCC_DYNAMIC_NO_PIC = NO;
				GCC_OPTIMIZATION_LEVEL = 0;
				GCC_PREPROCESSOR_DEFINITIONS = (
					"DEBUG=1",
					"$(inherited)",
				);
				GCC_SYMBOLS_PRIVATE_EXTERN = NO;
				GCC_WARN_64_TO_32_BIT_CONVERSION = YES;
				GCC_WARN_ABOUT_RETURN_TYPE = YES_ERROR;
				GCC_WARN_UNDECLARED_SELECTOR = YES;
				GCC_WARN_UNINITIALIZED_AUTOS = YES_AGGRESSIVE;
				GCC_WARN_UNUSED_FUNCTION = YES;
				GCC_WARN_UNUSED_VARIABLE = YES;
				IPHONEOS_DEPLOYMENT_TARGET = 7.0;
				ONLY_ACTIVE_ARCH = YES;
				SDKROOT = iphoneos;
			};
			name = Debug;
		};
		3CCB8F9818E28084002C1AC5 /* Release */ = {
			isa = XCBuildConfiguration;
			buildSettings = {
				ALWAYS_SEARCH_USER_PATHS = NO;
				CLANG_CXX_LANGUAGE_STANDARD = "gnu++0x";
				CLANG_CXX_LIBRARY = "libc++";
				CLANG_ENABLE_MODULES = YES;
				CLANG_ENABLE_OBJC_ARC = YES;
				CLANG_WARN_BOOL_CONVERSION = YES;
				CLANG_WARN_CONSTANT_CONVERSION = YES;
				CLANG_WARN_DIRECT_OBJC_ISA_USAGE = YES_ERROR;
				CLANG_WARN_EMPTY_BODY = YES;
				CLANG_WARN_ENUM_CONVERSION = YES;
				CLANG_WARN_INT_CONVERSION = YES;
				CLANG_WARN_OBJC_ROOT_CLASS = YES_ERROR;
				CLANG_WARN__DUPLICATE_METHOD_MATCH = YES;
				"CODE_SIGN_IDENTITY[sdk=iphoneos*]" = "iPhone Developer";
				COPY_PHASE_STRIP = YES;
				ENABLE_NS_ASSERTIONS = NO;
				GCC_C_LANGUAGE_STANDARD = gnu99;
				GCC_WARN_64_TO_32_BIT_CONVERSION = YES;
				GCC_WARN_ABOUT_RETURN_TYPE = YES_ERROR;
				GCC_WARN_UNDECLARED_SELECTOR = YES;
				GCC_WARN_UNINITIALIZED_AUTOS = YES_AGGRESSIVE;
				GCC_WARN_UNUSED_FUNCTION = YES;
				GCC_WARN_UNUSED_VARIABLE = YES;
				IPHONEOS_DEPLOYMENT_TARGET = 7.0;
				SDKROOT = iphoneos;
				VALIDATE_PRODUCT = YES;
			};
			name = Release;
		};
		3CCB8F9A18E28084002C1AC5 /* Debug */ = {
			isa = XCBuildConfiguration;
			buildSettings = {
				ASSETCATALOG_COMPILER_APPICON_NAME = AppIcon;
				ASSETCATALOG_COMPILER_LAUNCHIMAGE_NAME = LaunchImage;
				GCC_PRECOMPILE_PREFIX_HEADER = YES;
				GCC_PREFIX_HEADER = "DarkBlue/DarkBlue-Prefix.pch";
				INFOPLIST_FILE = "DarkBlue/DarkBlue-Info.plist";
				IPHONEOS_DEPLOYMENT_TARGET = 7.0;
				PRODUCT_NAME = "$(TARGET_NAME)";
				WRAPPER_EXTENSION = app;
			};
			name = Debug;
		};
		3CCB8F9B18E28084002C1AC5 /* Release */ = {
			isa = XCBuildConfiguration;
			buildSettings = {
				ASSETCATALOG_COMPILER_APPICON_NAME = AppIcon;
				ASSETCATALOG_COMPILER_LAUNCHIMAGE_NAME = LaunchImage;
				GCC_PRECOMPILE_PREFIX_HEADER = YES;
				GCC_PREFIX_HEADER = "DarkBlue/DarkBlue-Prefix.pch";
				INFOPLIST_FILE = "DarkBlue/DarkBlue-Info.plist";
				IPHONEOS_DEPLOYMENT_TARGET = 7.0;
				PRODUCT_NAME = "$(TARGET_NAME)";
				WRAPPER_EXTENSION = app;
			};
			name = Release;
		};
		3CCB8F9D18E28084002C1AC5 /* Debug */ = {
			isa = XCBuildConfiguration;
			buildSettings = {
				BUNDLE_LOADER = "$(BUILT_PRODUCTS_DIR)/DarkBlue.app/DarkBlue";
				FRAMEWORK_SEARCH_PATHS = (
					"$(SDKROOT)/Developer/Library/Frameworks",
					"$(inherited)",
					"$(DEVELOPER_FRAMEWORKS_DIR)",
				);
				GCC_PRECOMPILE_PREFIX_HEADER = YES;
				GCC_PREFIX_HEADER = "DarkBlue/DarkBlue-Prefix.pch";
				GCC_PREPROCESSOR_DEFINITIONS = (
					"DEBUG=1",
					"$(inherited)",
				);
				INFOPLIST_FILE = "DarkBlueTests/DarkBlueTests-Info.plist";
				PRODUCT_NAME = "$(TARGET_NAME)";
				TEST_HOST = "$(BUNDLE_LOADER)";
				WRAPPER_EXTENSION = xctest;
			};
			name = Debug;
		};
		3CCB8F9E18E28084002C1AC5 /* Release */ = {
			isa = XCBuildConfiguration;
			buildSettings = {
				BUNDLE_LOADER = "$(BUILT_PRODUCTS_DIR)/DarkBlue.app/DarkBlue";
				FRAMEWORK_SEARCH_PATHS = (
					"$(SDKROOT)/Developer/Library/Frameworks",
					"$(inherited)",
					"$(DEVELOPER_FRAMEWORKS_DIR)",
				);
				GCC_PRECOMPILE_PREFIX_HEADER = YES;
				GCC_PREFIX_HEADER = "DarkBlue/DarkBlue-Prefix.pch";
				INFOPLIST_FILE = "DarkBlueTests/DarkBlueTests-Info.plist";
				PRODUCT_NAME = "$(TARGET_NAME)";
				TEST_HOST = "$(BUNDLE_LOADER)";
				WRAPPER_EXTENSION = xctest;
			};
			name = Release;
		};
/* End XCBuildConfiguration section */

/* Begin XCConfigurationList section */
		3CCB8F6218E28084002C1AC5 /* Build configuration list for PBXProject "DarkBlue" */ = {
			isa = XCConfigurationList;
			buildConfigurations = (
				3CCB8F9718E28084002C1AC5 /* Debug */,
				3CCB8F9818E28084002C1AC5 /* Release */,
			);
			defaultConfigurationIsVisible = 0;
			defaultConfigurationName = Release;
		};
		3CCB8F9918E28084002C1AC5 /* Build configuration list for PBXNativeTarget "DarkBlue" */ = {
			isa = XCConfigurationList;
			buildConfigurations = (
				3CCB8F9A18E28084002C1AC5 /* Debug */,
				3CCB8F9B18E28084002C1AC5 /* Release */,
			);
			defaultConfigurationIsVisible = 0;
			defaultConfigurationName = Release;
		};
		3CCB8F9C18E28084002C1AC5 /* Build configuration list for PBXNativeTarget "DarkBlueTests" */ = {
			isa = XCConfigurationList;
			buildConfigurations = (
				3CCB8F9D18E28084002C1AC5 /* Debug */,
				3CCB8F9E18E28084002C1AC5 /* Release */,
			);
			defaultConfigurationIsVisible = 0;
			defaultConfigurationName = Release;
		};
/* End XCConfigurationList section */
	};
	rootObject = 3CCB8F5F18E28084002C1AC5 /* Project object */;
}
